
Microsoft Visual Studio Solution File, Format Version 12.00
# Visual Studio Version 16
VisualStudioVersion = 16.0.28803.156
MinimumVisualStudioVersion = 10.0.40219.1
Project("{FAE04EC0-301F-11D3-BF4B-00C04F79EFBC}") = "CouponWithoutOCP", "CouponWithoutOCP\CouponWithoutOCP.csproj", "{CF379247-EE74-4132-A013-2A95EC39775A}"
EndProject
Global
	GlobalSection(SolutionConfigurationPlatforms) = preSolution
		Debug|Any CPU = Debug|Any CPU
		Release|Any CPU = Release|Any CPU
	EndGlobalSection
	GlobalSection(ProjectConfigurationPlatforms) = postSolution
		{CF379247-EE74-4132-A013-2A95EC39775A}.Debug|Any CPU.ActiveCfg = Debug|Any CPU
		{CF379247-EE74-4132-A013-2A95EC39775A}.Debug|Any CPU.Build.0 = Debug|Any CPU
		{CF379247-EE74-4132-A013-2A95EC39775A}.Release|Any CPU.ActiveCfg = Release|Any CPU
		{CF379247-EE74-4132-A013-2A95EC39775A}.Release|Any CPU.Build.0 = Release|Any CPU
	EndGlobalSection
	GlobalSection(SolutionProperties) = preSolution
		HideSolutionNode = FALSE
	EndGlobalSection
	GlobalSection(ExtensibilityGlobals) = postSolution
		SolutionGuid = {390914FB-3BAD-4CF1-85AC-6F8888021242}
	EndGlobalSection
EndGlobal
